{
  "lockfileVersion": 1,
  "configVersion": 1,
  "workspaces": {
    "": {
      "name": "rss",
      "dependencies": {
        "fast-xml-parser": "^4.4.1",
        "feed": "^4.2.2",
        "marked": "^12.0.2",
        "rss-parser": "^3.13.0",
        "yaml": "^2.5.1",
      },
      "devDependencies": {
        "@biomejs/biome": "^1.9.4",
        "@types/bun": "^1.1.10",
      },
    },
  },
  "trustedDependencies": [
    "@biomejs/biome",
  ],
  "packages": {
    "@biomejs/biome": ["@biomejs/biome@1.9.4", "", { "optionalDependencies": { "@biomejs/cli-darwin-arm64": "1.9.4", "@biomejs/cli-darwin-x64": "1.9.4", "@biomejs/cli-linux-arm64": "1.9.4", "@biomejs/cli-linux-arm64-musl": "1.9.4", "@biomejs/cli-linux-x64": "1.9.4", "@biomejs/cli-linux-x64-musl": "1.9.4", "@biomejs/cli-win32-arm64": "1.9.4", "@biomejs/cli-win32-x64": "1.9.4" }, "bin": { "biome": "bin/biome" } }, "sha512-1rkd7G70+o9KkTn5KLmDYXihGoTaIGO9PIIN2ZB7UJxFrWw04CZHPYiMRjYsaDvVV7hP1dYNRLxSANLaBFGpog=="],

    "@biomejs/cli-darwin-arm64": ["@biomejs/cli-darwin-arm64@1.9.4", "", { "os": "darwin", "cpu": "arm64" }, "sha512-bFBsPWrNvkdKrNCYeAp+xo2HecOGPAy9WyNyB/jKnnedgzl4W4Hb9ZMzYNbf8dMCGmUdSavlYHiR01QaYR58cw=="],

    "@biomejs/cli-darwin-x64": ["@biomejs/cli-darwin-x64@1.9.4", "", { "os": "darwin", "cpu": "x64" }, "sha512-ngYBh/+bEedqkSevPVhLP4QfVPCpb+4BBe2p7Xs32dBgs7rh9nY2AIYUL6BgLw1JVXV8GlpKmb/hNiuIxfPfZg=="],

    "@biomejs/cli-linux-arm64": ["@biomejs/cli-linux-arm64@1.9.4", "", { "os": "linux", "cpu": "arm64" }, "sha512-fJIW0+LYujdjUgJJuwesP4EjIBl/N/TcOX3IvIHJQNsAqvV2CHIogsmA94BPG6jZATS4Hi+xv4SkBBQSt1N4/g=="],

    "@biomejs/cli-linux-arm64-musl": ["@biomejs/cli-linux-arm64-musl@1.9.4", "", { "os": "linux", "cpu": "arm64" }, "sha512-v665Ct9WCRjGa8+kTr0CzApU0+XXtRgwmzIf1SeKSGAv+2scAlW6JR5PMFo6FzqqZ64Po79cKODKf3/AAmECqA=="],

    "@biomejs/cli-linux-x64": ["@biomejs/cli-linux-x64@1.9.4", "", { "os": "linux", "cpu": "x64" }, "sha512-lRCJv/Vi3Vlwmbd6K+oQ0KhLHMAysN8lXoCI7XeHlxaajk06u7G+UsFSO01NAs5iYuWKmVZjmiOzJ0OJmGsMwg=="],

    "@biomejs/cli-linux-x64-musl": ["@biomejs/cli-linux-x64-musl@1.9.4", "", { "os": "linux", "cpu": "x64" }, "sha512-gEhi/jSBhZ2m6wjV530Yy8+fNqG8PAinM3oV7CyO+6c3CEh16Eizm21uHVsyVBEB6RIM8JHIl6AGYCv6Q6Q9Tg=="],

    "@biomejs/cli-win32-arm64": ["@biomejs/cli-win32-arm64@1.9.4", "", { "os": "win32", "cpu": "arm64" }, "sha512-tlbhLk+WXZmgwoIKwHIHEBZUwxml7bRJgk0X2sPyNR3S93cdRq6XulAZRQJ17FYGGzWne0fgrXBKpl7l4M87Hg=="],

    "@biomejs/cli-win32-x64": ["@biomejs/cli-win32-x64@1.9.4", "", { "os": "win32", "cpu": "x64" }, "sha512-8Y5wMhVIPaWe6jw2H+KlEm4wP/f7EW3810ZLmDlrEEy5KvBsb9ECEfu/kMWD484ijfQ8+nIi0giMgu9g1UAuuA=="],

    "@types/bun": ["@types/bun@1.4.2", "", { "dependencies": { "bun-types": "1.4.2" } }, "sha512-GimotNn7+ZV0uVArItBbriZsR1oNf0+WTzPkdcFrzShI7k2norL0uzEaJT8T33dWr7O/c9ZDuAFQrctKCi72oQ=="],

    "@types/node": ["@types/node@26.5.0", "", { "dependencies": { "undici-types": "~8.9.0" } }, "sha512-dVSGpriSoCgz8WnDNTuSSuSv1PC/ALXihO4ulRZt7Md8k9mlbdin3lGOcDE8SnWOgf513ByWlXd7BK4azmyg/A=="],

    "bun-types": ["bun-types@1.4.2", "", { "dependencies": { "@types/node": "*" } }, "sha512-bxV1FgK7yBIzjRe5zBozIM4Bem11ZJcCXSrjWRG3YWLt8yFDePu4cLjpebO8OvPeIE9trbyPF4fuj3Cia4Fj3w=="],

    "entities": ["entities@2.2.0", "", {}, "sha512-p92if5Nz619I0w+akJrLZH0MX0Pb5DX39XOwQTtXSdQQOaYH03S1uIQp4mhOZtAXrxq4ViO67YTiLBo2638o9A=="],

    "fast-xml-parser": ["fast-xml-parser@4.5.7", "", { "dependencies": { "strnum": "^1.0.5" }, "bin": { "fxparser": "src/cli/cli.js" } }, "sha512-a6Qh1RMCNbSrU1+sAyAAZH3rTe+OaWJbNZIq0S+ifZciUUOQtlVxBJwoTUE2bYhysmG/RYyI5WJFIKdBahJdrQ=="],

    "feed": ["feed@4.2.2", "", { "dependencies": { "xml-js": "^1.6.11" } }, "sha512-u5/sxGfiMfZNtJ3OvQpXcvotFpYkL0n9u9mM2vkui2nGo8b4wvDkJ8gAkYqbA8QpGyFCv3RK0Z+Iv+9veCS9bQ=="],

    "marked": ["marked@12.0.2", "", { "bin": { "marked": "bin/marked.js" } }, "sha512-qXUm7e/YKFoqFPYPa3Ukg9xlI5cyAtGmyEIzMfW//m6kXwCy2Ps9DYf5ioijFKQ8qyuscrHoY04iJGctu2Kg0Q=="],

    "rss-parser": ["rss-parser@3.13.0", "", { "dependencies": { "entities": "^2.0.3", "xml2js": "^0.5.0" } }, "sha512-7jWUBV5yGN3rqMMj7CZufl/291QAhvrrGpDNE4k/02ZchL0npisiYYqULF71jCEKoIiHvK/Q2e6IkDwPziT7+w=="],

    "sax": ["sax@1.6.1", "", {}, "sha512-42tBVwLWnaQvW5zc4HbZrTuWccECCZfBi92FDuwtqxasH+JbPB3/FOKb1m222K42R4WxuxzzMsTswfzgtSu64Q=="],

    "strnum": ["strnum@1.1.2", "", {}, "sha512-vrN+B7DBIoTTZjnPNewwhx6cBA/H+IS7rfW68n7XxC1y7uoiGQBxaKzqucGUgavX15dJgiGztLJ8vxuEzwqBdA=="],

    "undici-types": ["undici-types@8.9.0", "", {}, "sha512-KTDyRTYX8sWmKXAikPHHSyc63CRPETMctyjKFupcC6OBLXT3xsN0e9aF7m+mIXutFWpUXuedtowG7iLOzp0kQg=="],

    "xml-js": ["xml-js@1.6.11", "", { "dependencies": { "sax": "^1.2.4" }, "bin": { "xml-js": "./bin/cli.js" } }, "sha512-7rVi2KMfwfWFl+GpPg6m80IVMWXLRjO+PxTq7V2CDhoGak0wzYzFgUY2m4XJ47OGdXd8eLE8EmwfAmdjw7lC1g=="],

    "xml2js": ["xml2js@0.5.0", "", { "dependencies": { "sax": ">=0.6.0", "xmlbuilder": "~11.0.0" } }, "sha512-drPFnkQJik/O+uPKpqSgr22mpuFHqKdbS835iAQrUC73L2F5WkboIRd63ai/2Yg6I1jzifPFKH2NTK+cfglkIA=="],

    "xmlbuilder": ["xmlbuilder@11.0.1", "", {}, "sha512-fDlsI/kFEx7gLvbecc0/ohLG50fugQp8ryHzMTuW9vSa1GJ0XYWKnhsUx7oie3G98+r56aTQIUB4kht42R3JvA=="],

    "yaml": ["yaml@2.9.0", "", { "bin": { "yaml": "bin.mjs" } }, "sha512-2AvhNX3mb8zd6Zy7INTtSpl1F15HW6Wnqj0srWlkKLcpYl/gMIMJiyuGq2KeI2YFxUPjdlB+3Lc10seMLtL4cA=="],
  }
}
